// !$*UTF8*$!
{
	archiveVersion = 1;
	classes = {
	};
	objectVersion = 56;
	objects = {

/* Begin PBXBuildFile section */
		84DC670B295304C600B529E9 /* AppDelegate.swift in Sources */ = {isa = PBXBuildFile; fileRef = 84DC670A295304C600B529E9 /* AppDelegate.swift */; };
		84DC670D295304C600B529E9 /* SceneDelegate.swift in Sources */ = {isa = PBXBuildFile; fileRef = 84DC670C295304C600B529E9 /* SceneDelegate.swift */; };
		84DC670F295304C600B529E9 /* ViewController.swift in Sources */ = {isa = PBXBuildFile; fileRef = 84DC670E295304C600B529E9 /* ViewController.swift */; };
		84DC6712295304C600B529E9 /* Main.storyboard in Resources */ = {isa = PBXBuildFile; fileRef = 84DC6710295304C600B529E9 /* Main.storyboard */; };
		84DC6714295304C900B529E9 /* Assets.xcassets in Resources */ = {isa = PBXBuildFile; fileRef = 84DC6713295304C900B529E9 /* Assets.xcassets */; };
		84DC6717295304C900B529E9 /* LaunchScreen.storyboard in Resources */ = {isa = PBXBuildFile; fileRef = 84DC6715295304C900B529E9 /* LaunchScreen.storyboard */; };
		84DC67202953062900B529E9 /* CollectionTableViewCell.swift in Sources */ = {isa = PBXBuildFile; fileRef = 84DC671F2953062900B529E9 /* CollectionTableViewCell.swift */; };
		84DC67222953065600B529E9 /* TableCollectionViewCell.swift in Sources */ = {isa = PBXBuildFile; fileRef = 84DC67212953065600B529E9 /* TableCollectionViewCell.swift */; };
		84DC67252953166F00B529E9 /* Model.swift in Sources */ = {isa = PBXBuildFile; fileRef = 84DC67242953166F00B529E9 /* Model.swift */; };
		84DC6727295331C200B529E9 /* video.mp4 in Resources */ = {isa = PBXBuildFile; fileRef = 84DC6726295331C200B529E9 /* video.mp4 */; };
/* End PBXBuildFile section */

/* Begin PBXFileReference section */
		84DC6707295304C600B529E9 /* Advance TableView.app */ = {isa = PBXFileReference; explicitFileType = wrapper.application; includeInIndex = 0; path = "Advance TableView.app"; sourceTree = BUILT_PRODUCTS_DIR; };
		84DC670A295304C600B529E9 /* AppDelegate.swift */ = {isa = PBXFileReference; lastKnownFileType = sourcecode.swift; path = AppDelegate.swift; sourceTree = "<group>"; };
		84DC670C295304C600B529E9 /* SceneDelegate.swift */ = {isa = PBXFileReference; lastKnownFileType = sourcecode.swift; path = SceneDelegate.swift; sourceTree = "<group>"; };
		84DC670E295304C600B529E9 /* ViewController.swift */ = {isa = PBXFileReference; lastKnownFileType = sourcecode.swift; path = ViewController.swift; sourceTree = "<group>"; };
		84DC6711295304C600B529E9 /* Base */ = {isa = PBXFileReference; lastKnownFileType = file.storyboard; name = Base; path = Base.lproj/Main.storyboard; sourceTree = "<group>"; };
		84DC6713295304C900B529E9 /* Assets.xcassets */ = {isa = PBXFileReference; lastKnownFileType = folder.assetcatalog; path = Assets.xcassets; sourceTree = "<group>"; };
		84DC6716295304C900B529E9 /* Base */ = {isa = PBXFileReference; lastKnownFileType = file.storyboard; name = Base; path = Base.lproj/LaunchScreen.storyboard; sourceTree = "<group>"; };
		84DC6718295304C900B529E9 /* Info.plist */ = {isa = PBXFileReference; lastKnownFileType = text.plist.xml; path = Info.plist; sourceTree = "<group>"; };
		84DC671F2953062900B529E9 /* CollectionTableViewCell.swift */ = {isa = PBXFileReference; lastKnownFileType = sourcecode.swift; path = CollectionTableViewCell.swift; sourceTree = "<group>"; };
		84DC67212953065600B529E9 /* TableCollectionViewCell.swift */ = {isa = PBXFileReference; lastKnownFileType = sourcecode.swift; path = TableCollectionViewCell.swift; sourceTree = "<group>"; };
		84DC67242953166F00B529E9 /* Model.swift */ = {isa = PBXFileReference; lastKnownFileType = sourcecode.swift; path = Model.swift; sourceTree = "<group>"; };
		84DC6726295331C200B529E9 /* video.mp4 */ = {isa = PBXFileReference; lastKnownFileType = file; path = video.mp4; sourceTree = "<group>"; };
/* End PBXFileReference section */

/* Begin PBXFrameworksBuildPhase section */
		84DC6704295304C600B529E9 /* Frameworks */ = {
			isa = PBXFrameworksBuildPhase;
			buildActionMask = 2147483647;
			files = (
			);
			runOnlyForDeploymentPostprocessing = 0;
		};
/* End PBXFrameworksBuildPhase section */

/* Begin PBXGroup section */
		84DC66FE295304C600B529E9 = {
			isa = PBXGroup;
			children = (
				84DC6709295304C600B529E9 /* Advance TableView */,
				84DC6708295304C600B529E9 /* Products */,
			);
			sourceTree = "<group>";
		};
		84DC6708295304C600B529E9 /* Products */ = {
			isa = PBXGroup;
			children = (
				84DC6707295304C600B529E9 /* Advance TableView.app */,
			);
			name = Products;
			sourceTree = "<group>";
		};
		84DC6709295304C600B529E9 /* Advance TableView */ = {
			isa = PBXGroup;
			children = (
				84DC6726295331C200B529E9 /* video.mp4 */,
				84DC67232953162400B529E9 /* Model */,
				84DC671E295305F600B529E9 /* Cell */,
				84DC670A295304C600B529E9 /* AppDelegate.swift */,
				84DC670C295304C600B529E9 /* SceneDelegate.swift */,
				84DC670E295304C600B529E9 /* ViewController.swift */,
				84DC6710295304C600B529E9 /* Main.storyboard */,
				84DC6713295304C900B529E9 /* Assets.xcassets */,
				84DC6715295304C900B529E9 /* LaunchScreen.storyboard */,
				84DC6718295304C900B529E9 /* Info.plist */,
			);
			path = "Advance TableView";
			sourceTree = "<group>";
		};
		84DC671E295305F600B529E9 /* Cell */ = {
			isa = PBXGroup;
			children = (
				84DC671F2953062900B529E9 /* CollectionTableViewCell.swift */,
				84DC67212953065600B529E9 /* TableCollectionViewCell.swift */,
			);
			path = Cell;
			sourceTree = "<group>";
		};
		84DC67232953162400B529E9 /* Model */ = {
			isa = PBXGroup;
			children = (
				84DC67242953166F00B529E9 /* Model.swift */,
			);
			path = Model;
			sourceTree = "<group>";
		};
/* End PBXGroup section */

/* Begin PBXNativeTarget section */
		84DC6706295304C600B529E9 /* Advance TableView */ = {
			isa = PBXNativeTarget;
			buildConfigurationList = 84DC671B295304C900B529E9 /* Build configuration list for PBXNativeTarget "Advance TableView" */;
			buildPhases = (
				84DC6703295304C600B529E9 /* Sources */,
				84DC6704295304C600B529E9 /* Frameworks */,
				84DC6705295304C600B529E9 /* Resources */,
			);
			buildRules = (
			);
			dependencies = (
			);
			name = "Advance TableView";
			productName = "Advance TableView";
			productReference = 84DC6707295304C600B529E9 /* Advance TableView.app */;
			productType = "com.apple.product-type.application";
		};
/* End PBXNativeTarget section */

/* Begin PBXProject section */
		84DC66FF295304C600B529E9 /* Project object */ = {
			isa = PBXProject;
			attributes = {
				BuildIndependentTargetsInParallel = 1;
				LastSwiftUpdateCheck = 1400;
				LastUpgradeCheck = 1400;
				TargetAttributes = {
					84DC6706295304C600B529E9 = {
						CreatedOnToolsVersion = 14.0.1;
					};
				};
			};
			buildConfigurationList = 84DC6702295304C600B529E9 /* Build configuration list for PBXProject "Advance TableView" */;
			compatibilityVersion = "Xcode 14.0";
			developmentRegion = en;
			hasScannedForEncodings = 0;
			knownRegions = (
				en,
				Base,
			);
			mainGroup = 84DC66FE295304C600B529E9;
			productRefGroup = 84DC6708295304C600B529E9 /* Products */;
			projectDirPath = "";
			projectRoot = "";
			targets = (
				84DC6706295304C600B529E9 /* Advance TableView */,
			);
		};
/* End PBXProject section */

/* Begin PBXResourcesBuildPhase section */
		84DC6705295304C600B529E9 /* Resources */ = {
			isa = PBXResourcesBuildPhase;
			buildActionMask = 2147483647;
			files = (
				84DC6717295304C900B529E9 /* LaunchScreen.storyboard in Resources */,
				84DC6714295304C900B529E9 /* Assets.xcassets in Resources */,
				84DC6712295304C600B529E9 /* Main.storyboard in Resources */,
				84DC6727295331C200B529E9 /* video.mp4 in Resources */,
			);
			runOnlyForDeploymentPostprocessing = 0;
		};
/* End PBXResourcesBuildPhase section */

/* Begin PBXSourcesBuildPhase section */
		84DC6703295304C600B529E9 /* Sources */ = {
			isa = PBXSourcesBuildPhase;
			buildActionMask = 2147483647;
			files = (
				84DC670F295304C600B529E9 /* ViewController.swift in Sources */,
				84DC670B295304C600B529E9 /* AppDelegate.swift in Sources */,
				84DC670D295304C600B529E9 /* SceneDelegate.swift in Sources */,
				84DC67252953166F00B529E9 /* Model.swift in Sources */,
				84DC67222953065600B529E9 /* TableCollectionViewCell.swift in Sources */,
				84DC67202953062900B529E9 /* CollectionTableViewCell.swift in Sources */,
			);
			runOnlyForDeploymentPostprocessing = 0;
		};
/* End PBXSourcesBuildPhase section */

/* Begin PBXVariantGroup section */
		84DC6710295304C600B529E9 /* Main.storyboard */ = {
			isa = PBXVariantGroup;
			children = (
				84DC6711295304C600B529E9 /* Base */,
			);
			name = Main.storyboard;
			sourceTree = "<group>";
		};
		84DC6715295304C900B529E9 /* LaunchScreen.storyboard */ = {
			isa = PBXVariantGroup;
			children = (
				84DC6716295304C900B529E9 /* Base */,
			);
			name = LaunchScreen.storyboard;
			sourceTree = "<group>";
		};
/* End PBXVariantGroup section */

/* Begin XCBuildConfiguration section */
		84DC6719295304C900B529E9 /* Debug */ = {
			isa = XCBuildConfiguration;
			buildSettings = {
				ALWAYS_SEARCH_USER_PATHS = NO;
				CLANG_ANALYZER_NONNULL = YES;
				CLANG_ANALYZER_NUMBER_OBJECT_CONVERSION = YES_AGGRESSIVE;
				CLANG_CXX_LANGUAGE_STANDARD = "gnu++20";
				CLANG_ENABLE_MODULES = YES;
				CLANG_ENABLE_OBJC_ARC = YES;
				CLANG_ENABLE_OBJC_WEAK = YES;
				CLANG_WARN_BLOCK_CAPTURE_AUTORELEASING = YES;
				CLANG_WARN_BOOL_CONVERSION = YES;
				CLANG_WARN_COMMA = YES;
				CLANG_WARN_CONSTANT_CONVERSION = YES;
				CLANG_WARN_DEPRECATED_OBJC_IMPLEMENTATIONS = YES;
				CLANG_WARN_DIRECT_OBJC_ISA_USAGE = YES_ERROR;
				CLANG_WARN_DOCUMENTATION_COMMENTS = YES;
				CLANG_WARN_EMPTY_BODY = YES;
				CLANG_WARN_ENUM_CONVERSION = YES;
				CLANG_WARN_INFINITE_RECURSION = YES;
				CLANG_WARN_INT_CONVERSION = YES;
				CLANG_WARN_NON_LITERAL_NULL_CONVERSION = YES;
				CLANG_WARN_OBJC_IMPLICIT_RETAIN_SELF = YES;
				CLANG_WARN_OBJC_LITERAL_CONVERSION = YES;
				CLANG_WARN_OBJC_ROOT_CLASS = YES_ERROR;
				CLANG_WARN_QUOTED_INCLUDE_IN_FRAMEWORK_HEADER = YES;
				CLANG_WARN_RANGE_LOOP_ANALYSIS = YES;
				CLANG_WARN_STRICT_PROTOTYPES = YES;
				CLANG_WARN_SUSPICIOUS_MOVE = YES;
				CLANG_WARN_UNGUARDED_AVAILABILITY = YES_AGGRESSIVE;
				CLANG_WARN_UNREACHABLE_CODE = YES;
				CLANG_WARN__DUPLICATE_METHOD_MATCH = YES;
				COPY_PHASE_STRIP = NO;
				DEBUG_INFORMATION_FORMAT = dwarf;
				ENABLE_STRICT_OBJC_MSGSEND = YES;
				ENABLE_TESTABILITY = YES;
				GCC_C_LANGUAGE_STANDARD = gnu11;
				GCC_DYNAMIC_NO_PIC = NO;
				GCC_NO_COMMON_BLOCKS = YES;
				GCC_OPTIMIZATION_LEVEL = 0;
				GCC_PREPROCESSOR_DEFINITIONS = (
					"DEBUG=1",
					"$(inherited)",
				);
				GCC_WARN_64_TO_32_BIT_CONVERSION = YES;
				GCC_WARN_ABOUT_RETURN_TYPE = YES_ERROR;
				GCC_WARN_UNDECLARED_SELECTOR = YES;
				GCC_WARN_UNINITIALIZED_AUTOS = YES_AGGRESSIVE;
				GCC_WARN_UNUSED_FUNCTION = YES;
				GCC_WARN_UNUSED_VARIABLE = YES;
				IPHONEOS_DEPLOYMENT_TARGET = 16.0;
				MTL_ENABLE_DEBUG_INFO = INCLUDE_SOURCE;
				MTL_FAST_MATH = YES;
				ONLY_ACTIVE_ARCH = YES;
				SDKROOT = iphoneos;
				SWIFT_ACTIVE_COMPILATION_CONDITIONS = DEBUG;
				SWIFT_OPTIMIZATION_LEVEL = "-Onone";
			};
			name = Debug;
		};
		84DC671A295304C900B529E9 /* Release */ = {
			isa = XCBuildConfiguration;
			buildSettings = {
				ALWAYS_SEARCH_USER_PATHS = NO;
				CLANG_ANALYZER_NONNULL = YES;
				CLANG_ANALYZER_NUMBER_OBJECT_CONVERSION = YES_AGGRESSIVE;
				CLANG_CXX_LANGUAGE_STANDARD = "gnu++20";
				CLANG_ENABLE_MODULES = YES;
				CLANG_ENABLE_OBJC_ARC = YES;
				CLANG_ENABLE_OBJC_WEAK = YES;
				CLANG_WARN_BLOCK_CAPTURE_AUTORELEASING = YES;
				CLANG_WARN_BOOL_CONVERSION = YES;
				CLANG_WARN_COMMA = YES;
				CLANG_WARN_CONSTANT_CONVERSION = YES;
				CLANG_WARN_DEPRECATED_OBJC_IMPLEMENTATIONS = YES;
				CLANG_WARN_DIRECT_OBJC_ISA_USAGE = YES_ERROR;
				CLANG_WARN_DOCUMENTATION_COMMENTS = YES;
				CLANG_WARN_EMPTY_BODY = YES;
				CLANG_WARN_ENUM_CONVERSION = YES;
				CLANG_WARN_INFINITE_RECURSION = YES;
				CLANG_WARN_INT_CONVERSION = YES;
				CLANG_WARN_NON_LITERAL_NULL_CONVERSION = YES;
				CLANG_WARN_OBJC_IMPLICIT_RETAIN_SELF = YES;
				CLANG_WARN_OBJC_LITERAL_CONVERSION = YES;
				CLANG_WARN_OBJC_ROOT_CLASS = YES_ERROR;
				CLANG_WARN_QUOTED_INCLUDE_IN_FRAMEWORK_HEADER = YES;
				CLANG_WARN_RANGE_LOOP_ANALYSIS = YES;
				CLANG_WARN_STRICT_PROTOTYPES = YES;
				CLANG_WARN_SUSPICIOUS_MOVE = YES;
				CLANG_WARN_UNGUARDED_AVAILABILITY = YES_AGGRESSIVE;
				CLANG_WARN_UNREACHABLE_CODE = YES;
				CLANG_WARN__DUPLICATE_METHOD_MATCH = YES;
				COPY_PHASE_STRIP = NO;
				DEBUG_INFORMATION_FORMAT = "dwarf-with-dsym";
				ENABLE_NS_ASSERTIONS = NO;
				ENABLE_STRICT_OBJC_MSGSEND = YES;
				GCC_C_LANGUAGE_STANDARD = gnu11;
				GCC_NO_COMMON_BLOCKS = YES;
				GCC_WARN_64_TO_32_BIT_CONVERSION = YES;
				GCC_WARN_ABOUT_RETURN_TYPE = YES_ERROR;
				GCC_WARN_UNDECLARED_SELECTOR = YES;
				GCC_WARN_UNINITIALIZED_AUTOS = YES_AGGRESSIVE;
				GCC_WARN_UNUSED_FUNCTION = YES;
				GCC_WARN_UNUSED_VARIABLE = YES;
				IPHONEOS_DEPLOYMENT_TARGET = 16.0;
				MTL_ENABLE_DEBUG_INFO = NO;
				MTL_FAST_MATH = YES;
				SDKROOT = iphoneos;
				SWIFT_COMPILATION_MODE = wholemodule;
				SWIFT_OPTIMIZATION_LEVEL = "-O";
				VALIDATE_PRODUCT = YES;
			};
			name = Release;
		};
		84DC671C295304C900B529E9 /* Debug */ = {
			isa = XCBuildConfiguration;
			buildSettings = {
				ASSETCATALOG_COMPILER_APPICON_NAME = AppIcon;
				ASSETCATALOG_COMPILER_GLOBAL_ACCENT_COLOR_NAME = AccentColor;
				CODE_SIGN_STYLE = Automatic;
				CURRENT_PROJECT_VERSION = 1;
				GENERATE_INFOPLIST_FILE = YES;
				INFOPLIST_FILE = "Advance TableView/Info.plist";
				INFOPLIST_KEY_UIApplicationSupportsIndirectInputEvents = YES;
				INFOPLIST_KEY_UILaunchStoryboardName = LaunchScreen;
				INFOPLIST_KEY_UIMainStoryboardFile = Main;
				INFOPLIST_KEY_UISupportedInterfaceOrientations_iPad = "UIInterfaceOrientationPortrait UIInterfaceOrientationPortraitUpsideDown UIInterfaceOrientationLandscapeLeft UIInterfaceOrientationLandscapeRight";
				INFOPLIST_KEY_UISupportedInterfaceOrientations_iPhone = "UIInterfaceOrientationPortrait UIInterfaceOrientationLandscapeLeft UIInterfaceOrientationLandscapeRight";
				LD_RUNPATH_SEARCH_PATHS = (
					"$(inherited)",
					"@executable_path/Frameworks",
				);
				MARKETING_VERSION = 1.0;
				PRODUCT_BUNDLE_IDENTIFIER = "com.bridgelabz.Advance-TableView";
				PRODUCT_NAME = "$(TARGET_NAME)";
				SWIFT_EMIT_LOC_STRINGS = YES;
				SWIFT_VERSION = 5.0;
				TARGETED_DEVICE_FAMILY = "1,2";
			};
			name = Debug;
		};
		84DC671D295304C900B529E9 /* Release */ = {
			isa = XCBuildConfiguration;
			buildSettings = {
				ASSETCATALOG_COMPILER_APPICON_NAME = AppIcon;
				ASSETCATALOG_COMPILER_GLOBAL_ACCENT_COLOR_NAME = AccentColor;
				CODE_SIGN_STYLE = Automatic;
				CURRENT_PROJECT_VERSION = 1;
				GENERATE_INFOPLIST_FILE = YES;
				INFOPLIST_FILE = "Advance TableView/Info.plist";
				INFOPLIST_KEY_UIApplicationSupportsIndirectInputEvents = YES;
				INFOPLIST_KEY_UILaunchStoryboardName = LaunchScreen;
				INFOPLIST_KEY_UIMainStoryboardFile = Main;
				INFOPLIST_KEY_UISupportedInterfaceOrientations_iPad = "UIInterfaceOrientationPortrait UIInterfaceOrientationPortraitUpsideDown UIInterfaceOrientationLandscapeLeft UIInterfaceOrientationLandscapeRight";
				INFOPLIST_KEY_UISupportedInterfaceOrientations_iPhone = "UIInterfaceOrientationPortrait UIInterfaceOrientationLandscapeLeft UIInterfaceOrientationLandscapeRight";
				LD_RUNPATH_SEARCH_PATHS = (
					"$(inherited)",
					"@executable_path/Frameworks",
				);
				MARKETING_VERSION = 1.0;
				PRODUCT_BUNDLE_IDENTIFIER = "com.bridgelabz.Advance-TableView";
				PRODUCT_NAME = "$(TARGET_NAME)";
				SWIFT_EMIT_LOC_STRINGS = YES;
				SWIFT_VERSION = 5.0;
				TARGETED_DEVICE_FAMILY = "1,2";
			};
			name = Release;
		};
/* End XCBuildConfiguration section */

/* Begin XCConfigurationList section */
		84DC6702295304C600B529E9 /* Build configuration list for PBXProject "Advance TableView" */ = {
			isa = XCConfigurationList;
			buildConfigurations = (
				84DC6719295304C900B529E9 /* Debug */,
				84DC671A295304C900B529E9 /* Release */,
			);
			defaultConfigurationIsVisible = 0;
			defaultConfigurationName = Release;
		};
		84DC671B295304C900B529E9 /* Build configuration list for PBXNativeTarget "Advance TableView" */ = {
			isa = XCConfigurationList;
			buildConfigurations = (
				84DC671C295304C900B529E9 /* Debug */,
				84DC671D295304C900B529E9 /* Release */,
			);
			defaultConfigurationIsVisible = 0;
			defaultConfigurationName = Release;
		};
/* End XCConfigurationList section */
	};
	rootObject = 84DC66FF295304C600B529E9 /* Project object */;
}
